{
  "version": 4,
  "terraform_version": "1.3.6",
  "serial": 8,
  "lineage": "be84cbcf-860e-cafc-05ab-1cd9d90c2541",
  "outputs": {},
  "resources": [
    {
      "mode": "managed",
      "type": "local_file",
      "name": "kasi",
      "provider": "provider[\"registry.terraform.io/hashicorp/local\"]",
      "instances": [
        {
          "schema_version": 0,
          "attributes": {
            "content": "heloo this kasi",
            "content_base64": null,
            "content_base64sha256": "wncphiyFCp9gxGMXzaJWu8Qjnsl9pxkWhkJKeoqTwc8=",
            "content_base64sha512": "aSejJjvuew+uEKmzpvzusZ1Mle/R99ncChIIX+zTuUUSjHbkjpb/OZGP0lkaGhabX7nSLO3HFD8TKDCzTSElgA==",
            "content_md5": "a8cfddaa1702582593c5124ae50653c5",
            "content_sha1": "037613e587291a1290e12908bf65f2c7fef1a6ea",
            "content_sha256": "c27729862c850a9f60c46317cda256bbc4239ec97da7191686424a7a8a93c1cf",
            "content_sha512": "6927a3263bee7b0fae10a9b3a6fceeb19d4c95efd1f7d9dc0a12085fecd3b945128c76e48e96ff39918fd2591a1a169b5fb9d22cedc7143f132830b34d212580",
            "directory_permission": "0777",
            "file_permission": "0777",
            "filename": "c:\\tmp\\1.txt",
            "id": "037613e587291a1290e12908bf65f2c7fef1a6ea",
            "sensitive_content": null,
            "source": null
          },
          "sensitive_attributes": []
        }
      ]
    }
  ],
  "check_results": null
}
