{
  "version": 4,
  "terraform_version": "1.3.6",
  "serial": 5,
  "lineage": "fb94150d-17ec-5f37-f5f7-e90a8222687d",
  "outputs": {},
  "resources": [
    {
      "mode": "managed",
      "type": "aws_vpc",
      "name": "kasi",
      "provider": "provider[\"registry.terraform.io/hashicorp/aws\"]",
      "instances": [
        {
          "schema_version": 1,
          "attributes": {
            "arn": "arn:aws:ec2:us-west-2:204105346806:vpc/vpc-0893326f6dba0d57c",
            "assign_generated_ipv6_cidr_block": false,
            "cidr_block": "192.168.0.0/16",
            "default_network_acl_id": "acl-052b77fbd1b689077",
            "default_route_table_id": "rtb-02dc04f7299050136",
            "default_security_group_id": "sg-04f59aba1ea1ebe4b",
            "dhcp_options_id": "dopt-008037c173fece309",
            "enable_classiclink": false,
            "enable_classiclink_dns_support": false,
            "enable_dns_hostnames": false,
            "enable_dns_support": true,
            "enable_network_address_usage_metrics": false,
            "id": "vpc-0893326f6dba0d57c",
            "instance_tenancy": "default",
            "ipv4_ipam_pool_id": null,
            "ipv4_netmask_length": null,
            "ipv6_association_id": "",
            "ipv6_cidr_block": "",
            "ipv6_cidr_block_network_border_group": "",
            "ipv6_ipam_pool_id": "",
            "ipv6_netmask_length": 0,
            "main_route_table_id": "rtb-02dc04f7299050136",
            "owner_id": "204105346806",
            "tags": {
              "Name": "kasi"
            },
            "tags_all": {
              "Name": "kasi"
            }
          },
          "sensitive_attributes": [],
          "private": "eyJzY2hlbWFfdmVyc2lvbiI6IjEifQ=="
        }
      ]
    }
  ],
  "check_results": null
}
